
Microsoft Visual Studio Solution File, Format Version 12.00
Project("{FAE04EC0-301F-11D3-BF4B-00C04F79EFBC}") = "BenchmarkingSandbox", "BenchmarkingSandbox\BenchmarkingSandbox.csproj", "{9674CE7C-F54C-46F4-B45E-B911A7402ABB}"
EndProject
Global
	GlobalSection(SolutionConfigurationPlatforms) = preSolution
		Debug|Any CPU = Debug|Any CPU
		Release|Any CPU = Release|Any CPU
	EndGlobalSection
	GlobalSection(ProjectConfigurationPlatforms) = postSolution
		{9674CE7C-F54C-46F4-B45E-B911A7402ABB}.Debug|Any CPU.ActiveCfg = Debug|Any CPU
		{9674CE7C-F54C-46F4-B45E-B911A7402ABB}.Debug|Any CPU.Build.0 = Debug|Any CPU
		{9674CE7C-F54C-46F4-B45E-B911A7402ABB}.Release|Any CPU.ActiveCfg = Release|Any CPU
		{9674CE7C-F54C-46F4-B45E-B911A7402ABB}.Release|Any CPU.Build.0 = Release|Any CPU
	EndGlobalSection
EndGlobal
